
Microsoft Visual Studio Solution File, Format Version 12.00
Project("{FAE04EC0-301F-11D3-BF4B-00C04F79EFBC}") = "IW4MAdminDatabaseMigration", "IW4MAdminDatabaseMigration\IW4MAdminDatabaseMigration.csproj", "{6E62931E-ECB0-42DA-860C-3F39C54EB393}"
EndProject
Project("{2150E333-8FDC-42A3-9474-1A3956D46DE8}") = "SolutionItems", "SolutionItems", "{85B0DF1F-30DF-4A72-B190-91E688F3BA07}"
	ProjectSection(SolutionItems) = preProject
		.gitignore = .gitignore
	EndProjectSection
EndProject
Global
	GlobalSection(SolutionConfigurationPlatforms) = preSolution
		Debug|Any CPU = Debug|Any CPU
		Release|Any CPU = Release|Any CPU
	EndGlobalSection
	GlobalSection(ProjectConfigurationPlatforms) = postSolution
		{6E62931E-ECB0-42DA-860C-3F39C54EB393}.Debug|Any CPU.ActiveCfg = Debug|Any CPU
		{6E62931E-ECB0-42DA-860C-3F39C54EB393}.Debug|Any CPU.Build.0 = Debug|Any CPU
		{6E62931E-ECB0-42DA-860C-3F39C54EB393}.Release|Any CPU.ActiveCfg = Release|Any CPU
		{6E62931E-ECB0-42DA-860C-3F39C54EB393}.Release|Any CPU.Build.0 = Release|Any CPU
	EndGlobalSection
EndGlobal
